
Microsoft Visual Studio Solution File, Format Version 12.00
# Visual Studio Version 17
VisualStudioVersion = 17.5.2.0
MinimumVisualStudioVersion = 10.0.40219.1
Project("{2150E333-8FDC-42A3-9474-1A3956D46DE8}") = "Demos", "Demos", "{9D577A44-8CF8-4503-84F9-357AE3ED9DF4}"
EndProject
Project("{FAE04EC0-301F-11D3-BF4B-00C04F79EFBC}") = "Website", "Demos\Website\Website.csproj", "{6049CED7-E2EE-413F-A84F-5D2E520DE533}"
EndProject
Project("{FAE04EC0-301F-11D3-BF4B-00C04F79EFBC}") = "Web4.Keyholes", "Web4\Web4.Keyholes.csproj", "{359629BE-860E-45F2-ADD7-DE064C1F8761}"
EndProject
Project("{FAE04EC0-301F-11D3-BF4B-00C04F79EFBC}") = "MicroHtml", "MicroHtml\MicroHtml.csproj", "{16893E3B-9B33-4756-B9C2-DA244A076CF1}"
EndProject
Project("{FAE04EC0-301F-11D3-BF4B-00C04F79EFBC}") = "Memory", "Benchmarks\Memory\Memory.csproj", "{A057E78A-294B-459F-8F1F-2BBFBF23D4C9}"
EndProject
Project("{FAE04EC0-301F-11D3-BF4B-00C04F79EFBC}") = "Web4.Xtml", "Web4.Xtml\Web4.Xtml.csproj", "{B54145FB-DC9E-435A-BB12-37FC51CEF18A}"
EndProject
Project("{FAE04EC0-301F-11D3-BF4B-00C04F79EFBC}") = "Clean", "Demos\Clean\Clean.csproj", "{CE9E6FE6-5623-44AB-B227-77FEEC1CA2A2}"
EndProject
Project("{2150E333-8FDC-42A3-9474-1A3956D46DE8}") = "Benchmarks", "Benchmarks", "{66320409-64EC-F7C5-3DEF-65E7510DAAD1}"
EndProject
Project("{FAE04EC0-301F-11D3-BF4B-00C04F79EFBC}") = "Wasm", "Demos\Wasm\Wasm.csproj", "{F3828F30-BC51-4AB1-85CE-01F957BDEB22}"
EndProject
Project("{FAE04EC0-301F-11D3-BF4B-00C04F79EFBC}") = "Rendering", "Benchmarks\Rendering\Rendering.csproj", "{CC08E709-D6ED-44E6-967B-1D0F19201FA4}"
EndProject
Project("{FAE04EC0-301F-11D3-BF4B-00C04F79EFBC}") = "List", "Demos\List\List.csproj", "{EF4D2E96-5869-499A-AEFA-A122279960B1}"
EndProject
Project("{FAE04EC0-301F-11D3-BF4B-00C04F79EFBC}") = "Web4.Dom", "Web4.Dom\Web4.Dom.csproj", "{AC71FDE5-24E2-4A8A-9BB0-4F9763C35751}"
EndProject
Project("{FAE04EC0-301F-11D3-BF4B-00C04F79EFBC}") = "Web4.WebAssembly", "Web4.WebAssembly\Web4.WebAssembly.csproj", "{AFB76E89-8608-475E-8866-FCECF0F92049}"
EndProject
Project("{FAE04EC0-301F-11D3-BF4B-00C04F79EFBC}") = "Web4.WebSocket", "Web4.WebSocket\Web4.WebSocket.csproj", "{A632E2F7-C041-4F89-B76D-9B94A3C01063}"
EndProject
Global
	GlobalSection(SolutionConfigurationPlatforms) = preSolution
		Debug|Any CPU = Debug|Any CPU
		Debug|x64 = Debug|x64
		Debug|x86 = Debug|x86
		Release|Any CPU = Release|Any CPU
		Release|x64 = Release|x64
		Release|x86 = Release|x86
	EndGlobalSection
	GlobalSection(ProjectConfigurationPlatforms) = postSolution
		{6049CED7-E2EE-413F-A84F-5D2E520DE533}.Debug|Any CPU.ActiveCfg = Debug|Any CPU
		{6049CED7-E2EE-413F-A84F-5D2E520DE533}.Debug|Any CPU.Build.0 = Debug|Any CPU
		{6049CED7-E2EE-413F-A84F-5D2E520DE533}.Debug|x64.ActiveCfg = Debug|Any CPU
		{6049CED7-E2EE-413F-A84F-5D2E520DE533}.Debug|x64.Build.0 = Debug|Any CPU
		{6049CED7-E2EE-413F-A84F-5D2E520DE533}.Debug|x86.ActiveCfg = Debug|Any CPU
		{6049CED7-E2EE-413F-A84F-5D2E520DE533}.Debug|x86.Build.0 = Debug|Any CPU
		{6049CED7-E2EE-413F-A84F-5D2E520DE533}.Release|Any CPU.ActiveCfg = Release|Any CPU
		{6049CED7-E2EE-413F-A84F-5D2E520DE533}.Release|Any CPU.Build.0 = Release|Any CPU
		{6049CED7-E2EE-413F-A84F-5D2E520DE533}.Release|x64.ActiveCfg = Release|Any CPU
		{6049CED7-E2EE-413F-A84F-5D2E520DE533}.Release|x64.Build.0 = Release|Any CPU
		{6049CED7-E2EE-413F-A84F-5D2E520DE533}.Release|x86.ActiveCfg = Release|Any CPU
		{6049CED7-E2EE-413F-A84F-5D2E520DE533}.Release|x86.Build.0 = Release|Any CPU
		{359629BE-860E-45F2-ADD7-DE064C1F8761}.Debug|Any CPU.ActiveCfg = Debug|Any CPU
		{359629BE-860E-45F2-ADD7-DE064C1F8761}.Debug|Any CPU.Build.0 = Debug|Any CPU
		{359629BE-860E-45F2-ADD7-DE064C1F8761}.Debug|x64.ActiveCfg = Debug|Any CPU
		{359629BE-860E-45F2-ADD7-DE064C1F8761}.Debug|x64.Build.0 = Debug|Any CPU
		{359629BE-860E-45F2-ADD7-DE064C1F8761}.Debug|x86.ActiveCfg = Debug|Any CPU
		{359629BE-860E-45F2-ADD7-DE064C1F8761}.Debug|x86.Build.0 = Debug|Any CPU
		{359629BE-860E-45F2-ADD7-DE064C1F8761}.Release|Any CPU.ActiveCfg = Release|Any CPU
		{359629BE-860E-45F2-ADD7-DE064C1F8761}.Release|Any CPU.Build.0 = Release|Any CPU
		{359629BE-860E-45F2-ADD7-DE064C1F8761}.Release|x64.ActiveCfg = Release|Any CPU
		{359629BE-860E-45F2-ADD7-DE064C1F8761}.Release|x64.Build.0 = Release|Any CPU
		{359629BE-860E-45F2-ADD7-DE064C1F8761}.Release|x86.ActiveCfg = Release|Any CPU
		{359629BE-860E-45F2-ADD7-DE064C1F8761}.Release|x86.Build.0 = Release|Any CPU
		{16893E3B-9B33-4756-B9C2-DA244A076CF1}.Debug|Any CPU.ActiveCfg = Debug|Any CPU
		{16893E3B-9B33-4756-B9C2-DA244A076CF1}.Debug|Any CPU.Build.0 = Debug|Any CPU
		{16893E3B-9B33-4756-B9C2-DA244A076CF1}.Debug|x64.ActiveCfg = Debug|Any CPU
		{16893E3B-9B33-4756-B9C2-DA244A076CF1}.Debug|x64.Build.0 = Debug|Any CPU
		{16893E3B-9B33-4756-B9C2-DA244A076CF1}.Debug|x86.ActiveCfg = Debug|Any CPU
		{16893E3B-9B33-4756-B9C2-DA244A076CF1}.Debug|x86.Build.0 = Debug|Any CPU
		{16893E3B-9B33-4756-B9C2-DA244A076CF1}.Release|Any CPU.ActiveCfg = Release|Any CPU
		{16893E3B-9B33-4756-B9C2-DA244A076CF1}.Release|Any CPU.Build.0 = Release|Any CPU
		{16893E3B-9B33-4756-B9C2-DA244A076CF1}.Release|x64.ActiveCfg = Release|Any CPU
		{16893E3B-9B33-4756-B9C2-DA244A076CF1}.Release|x64.Build.0 = Release|Any CPU
		{16893E3B-9B33-4756-B9C2-DA244A076CF1}.Release|x86.ActiveCfg = Release|Any CPU
		{16893E3B-9B33-4756-B9C2-DA244A076CF1}.Release|x86.Build.0 = Release|Any CPU
		{A057E78A-294B-459F-8F1F-2BBFBF23D4C9}.Debug|Any CPU.ActiveCfg = Debug|Any CPU
		{A057E78A-294B-459F-8F1F-2BBFBF23D4C9}.Debug|Any CPU.Build.0 = Debug|Any CPU
		{A057E78A-294B-459F-8F1F-2BBFBF23D4C9}.Debug|x64.ActiveCfg = Debug|Any CPU
		{A057E78A-294B-459F-8F1F-2BBFBF23D4C9}.Debug|x64.Build.0 = Debug|Any CPU
		{A057E78A-294B-459F-8F1F-2BBFBF23D4C9}.Debug|x86.ActiveCfg = Debug|Any CPU
		{A057E78A-294B-459F-8F1F-2BBFBF23D4C9}.Debug|x86.Build.0 = Debug|Any CPU
		{A057E78A-294B-459F-8F1F-2BBFBF23D4C9}.Release|Any CPU.ActiveCfg = Release|Any CPU
		{A057E78A-294B-459F-8F1F-2BBFBF23D4C9}.Release|Any CPU.Build.0 = Release|Any CPU
		{A057E78A-294B-459F-8F1F-2BBFBF23D4C9}.Release|x64.ActiveCfg = Release|Any CPU
		{A057E78A-294B-459F-8F1F-2BBFBF23D4C9}.Release|x64.Build.0 = Release|Any CPU
		{A057E78A-294B-459F-8F1F-2BBFBF23D4C9}.Release|x86.ActiveCfg = Release|Any CPU
		{A057E78A-294B-459F-8F1F-2BBFBF23D4C9}.Release|x86.Build.0 = Release|Any CPU
		{B54145FB-DC9E-435A-BB12-37FC51CEF18A}.Debug|Any CPU.ActiveCfg = Debug|Any CPU
		{B54145FB-DC9E-435A-BB12-37FC51CEF18A}.Debug|Any CPU.Build.0 = Debug|Any CPU
		{B54145FB-DC9E-435A-BB12-37FC51CEF18A}.Debug|x64.ActiveCfg = Debug|Any CPU
		{B54145FB-DC9E-435A-BB12-37FC51CEF18A}.Debug|x64.Build.0 = Debug|Any CPU
		{B54145FB-DC9E-435A-BB12-37FC51CEF18A}.Debug|x86.ActiveCfg = Debug|Any CPU
		{B54145FB-DC9E-435A-BB12-37FC51CEF18A}.Debug|x86.Build.0 = Debug|Any CPU
		{B54145FB-DC9E-435A-BB12-37FC51CEF18A}.Release|Any CPU.ActiveCfg = Release|Any CPU
		{B54145FB-DC9E-435A-BB12-37FC51CEF18A}.Release|Any CPU.Build.0 = Release|Any CPU
		{B54145FB-DC9E-435A-BB12-37FC51CEF18A}.Release|x64.ActiveCfg = Release|Any CPU
		{B54145FB-DC9E-435A-BB12-37FC51CEF18A}.Release|x64.Build.0 = Release|Any CPU
		{B54145FB-DC9E-435A-BB12-37FC51CEF18A}.Release|x86.ActiveCfg = Release|Any CPU
		{B54145FB-DC9E-435A-BB12-37FC51CEF18A}.Release|x86.Build.0 = Release|Any CPU
		{CE9E6FE6-5623-44AB-B227-77FEEC1CA2A2}.Debug|Any CPU.ActiveCfg = Debug|Any CPU
		{CE9E6FE6-5623-44AB-B227-77FEEC1CA2A2}.Debug|Any CPU.Build.0 = Debug|Any CPU
		{CE9E6FE6-5623-44AB-B227-77FEEC1CA2A2}.Debug|x64.ActiveCfg = Debug|Any CPU
		{CE9E6FE6-5623-44AB-B227-77FEEC1CA2A2}.Debug|x64.Build.0 = Debug|Any CPU
		{CE9E6FE6-5623-44AB-B227-77FEEC1CA2A2}.Debug|x86.ActiveCfg = Debug|Any CPU
		{CE9E6FE6-5623-44AB-B227-77FEEC1CA2A2}.Debug|x86.Build.0 = Debug|Any CPU
		{CE9E6FE6-5623-44AB-B227-77FEEC1CA2A2}.Release|Any CPU.ActiveCfg = Release|Any CPU
		{CE9E6FE6-5623-44AB-B227-77FEEC1CA2A2}.Release|Any CPU.Build.0 = Release|Any CPU
		{CE9E6FE6-5623-44AB-B227-77FEEC1CA2A2}.Release|x64.ActiveCfg = Release|Any CPU
		{CE9E6FE6-5623-44AB-B227-77FEEC1CA2A2}.Release|x64.Build.0 = Release|Any CPU
		{CE9E6FE6-5623-44AB-B227-77FEEC1CA2A2}.Release|x86.ActiveCfg = Release|Any CPU
		{CE9E6FE6-5623-44AB-B227-77FEEC1CA2A2}.Release|x86.Build.0 = Release|Any CPU
		{F3828F30-BC51-4AB1-85CE-01F957BDEB22}.Debug|Any CPU.ActiveCfg = Debug|Any CPU
		{F3828F30-BC51-4AB1-85CE-01F957BDEB22}.Debug|Any CPU.Build.0 = Debug|Any CPU
		{F3828F30-BC51-4AB1-85CE-01F957BDEB22}.Debug|x64.ActiveCfg = Debug|Any CPU
		{F3828F30-BC51-4AB1-85CE-01F957BDEB22}.Debug|x64.Build.0 = Debug|Any CPU
		{F3828F30-BC51-4AB1-85CE-01F957BDEB22}.Debug|x86.ActiveCfg = Debug|Any CPU
		{F3828F30-BC51-4AB1-85CE-01F957BDEB22}.Debug|x86.Build.0 = Debug|Any CPU
		{F3828F30-BC51-4AB1-85CE-01F957BDEB22}.Release|Any CPU.ActiveCfg = Release|Any CPU
		{F3828F30-BC51-4AB1-85CE-01F957BDEB22}.Release|Any CPU.Build.0 = Release|Any CPU
		{F3828F30-BC51-4AB1-85CE-01F957BDEB22}.Release|x64.ActiveCfg = Release|Any CPU
		{F3828F30-BC51-4AB1-85CE-01F957BDEB22}.Release|x64.Build.0 = Release|Any CPU
		{F3828F30-BC51-4AB1-85CE-01F957BDEB22}.Release|x86.ActiveCfg = Release|Any CPU
		{F3828F30-BC51-4AB1-85CE-01F957BDEB22}.Release|x86.Build.0 = Release|Any CPU
		{CC08E709-D6ED-44E6-967B-1D0F19201FA4}.Debug|Any CPU.ActiveCfg = Debug|Any CPU
		{CC08E709-D6ED-44E6-967B-1D0F19201FA4}.Debug|Any CPU.Build.0 = Debug|Any CPU
		{CC08E709-D6ED-44E6-967B-1D0F19201FA4}.Debug|x64.ActiveCfg = Debug|Any CPU
		{CC08E709-D6ED-44E6-967B-1D0F19201FA4}.Debug|x64.Build.0 = Debug|Any CPU
		{CC08E709-D6ED-44E6-967B-1D0F19201FA4}.Debug|x86.ActiveCfg = Debug|Any CPU
		{CC08E709-D6ED-44E6-967B-1D0F19201FA4}.Debug|x86.Build.0 = Debug|Any CPU
		{CC08E709-D6ED-44E6-967B-1D0F19201FA4}.Release|Any CPU.ActiveCfg = Release|Any CPU
		{CC08E709-D6ED-44E6-967B-1D0F19201FA4}.Release|Any CPU.Build.0 = Release|Any CPU
		{CC08E709-D6ED-44E6-967B-1D0F19201FA4}.Release|x64.ActiveCfg = Release|Any CPU
		{CC08E709-D6ED-44E6-967B-1D0F19201FA4}.Release|x64.Build.0 = Release|Any CPU
		{CC08E709-D6ED-44E6-967B-1D0F19201FA4}.Release|x86.ActiveCfg = Release|Any CPU
		{CC08E709-D6ED-44E6-967B-1D0F19201FA4}.Release|x86.Build.0 = Release|Any CPU
		{EF4D2E96-5869-499A-AEFA-A122279960B1}.Debug|Any CPU.ActiveCfg = Debug|Any CPU
		{EF4D2E96-5869-499A-AEFA-A122279960B1}.Debug|Any CPU.Build.0 = Debug|Any CPU
		{EF4D2E96-5869-499A-AEFA-A122279960B1}.Debug|x64.ActiveCfg = Debug|Any CPU
		{EF4D2E96-5869-499A-AEFA-A122279960B1}.Debug|x64.Build.0 = Debug|Any CPU
		{EF4D2E96-5869-499A-AEFA-A122279960B1}.Debug|x86.ActiveCfg = Debug|Any CPU
		{EF4D2E96-5869-499A-AEFA-A122279960B1}.Debug|x86.Build.0 = Debug|Any CPU
		{EF4D2E96-5869-499A-AEFA-A122279960B1}.Release|Any CPU.ActiveCfg = Release|Any CPU
		{EF4D2E96-5869-499A-AEFA-A122279960B1}.Release|Any CPU.Build.0 = Release|Any CPU
		{EF4D2E96-5869-499A-AEFA-A122279960B1}.Release|x64.ActiveCfg = Release|Any CPU
		{EF4D2E96-5869-499A-AEFA-A122279960B1}.Release|x64.Build.0 = Release|Any CPU
		{EF4D2E96-5869-499A-AEFA-A122279960B1}.Release|x86.ActiveCfg = Release|Any CPU
		{EF4D2E96-5869-499A-AEFA-A122279960B1}.Release|x86.Build.0 = Release|Any CPU
		{AC71FDE5-24E2-4A8A-9BB0-4F9763C35751}.Debug|Any CPU.ActiveCfg = Debug|Any CPU
		{AC71FDE5-24E2-4A8A-9BB0-4F9763C35751}.Debug|Any CPU.Build.0 = Debug|Any CPU
		{AC71FDE5-24E2-4A8A-9BB0-4F9763C35751}.Debug|x64.ActiveCfg = Debug|Any CPU
		{AC71FDE5-24E2-4A8A-9BB0-4F9763C35751}.Debug|x64.Build.0 = Debug|Any CPU
		{AC71FDE5-24E2-4A8A-9BB0-4F9763C35751}.Debug|x86.ActiveCfg = Debug|Any CPU
		{AC71FDE5-24E2-4A8A-9BB0-4F9763C35751}.Debug|x86.Build.0 = Debug|Any CPU
		{AC71FDE5-24E2-4A8A-9BB0-4F9763C35751}.Release|Any CPU.ActiveCfg = Release|Any CPU
		{AC71FDE5-24E2-4A8A-9BB0-4F9763C35751}.Release|Any CPU.Build.0 = Release|Any CPU
		{AC71FDE5-24E2-4A8A-9BB0-4F9763C35751}.Release|x64.ActiveCfg = Release|Any CPU
		{AC71FDE5-24E2-4A8A-9BB0-4F9763C35751}.Release|x64.Build.0 = Release|Any CPU
		{AC71FDE5-24E2-4A8A-9BB0-4F9763C35751}.Release|x86.ActiveCfg = Release|Any CPU
		{AC71FDE5-24E2-4A8A-9BB0-4F9763C35751}.Release|x86.Build.0 = Release|Any CPU
		{AFB76E89-8608-475E-8866-FCECF0F92049}.Debug|Any CPU.ActiveCfg = Debug|Any CPU
		{AFB76E89-8608-475E-8866-FCECF0F92049}.Debug|Any CPU.Build.0 = Debug|Any CPU
		{AFB76E89-8608-475E-8866-FCECF0F92049}.Debug|x64.ActiveCfg = Debug|Any CPU
		{AFB76E89-8608-475E-8866-FCECF0F92049}.Debug|x64.Build.0 = Debug|Any CPU
		{AFB76E89-8608-475E-8866-FCECF0F92049}.Debug|x86.ActiveCfg = Debug|Any CPU
		{AFB76E89-8608-475E-8866-FCECF0F92049}.Debug|x86.Build.0 = Debug|Any CPU
		{AFB76E89-8608-475E-8866-FCECF0F92049}.Release|Any CPU.ActiveCfg = Release|Any CPU
		{AFB76E89-8608-475E-8866-FCECF0F92049}.Release|Any CPU.Build.0 = Release|Any CPU
		{AFB76E89-8608-475E-8866-FCECF0F92049}.Release|x64.ActiveCfg = Release|Any CPU
		{AFB76E89-8608-475E-8866-FCECF0F92049}.Release|x64.Build.0 = Release|Any CPU
		{AFB76E89-8608-475E-8866-FCECF0F92049}.Release|x86.ActiveCfg = Release|Any CPU
		{AFB76E89-8608-475E-8866-FCECF0F92049}.Release|x86.Build.0 = Release|Any CPU
		{A632E2F7-C041-4F89-B76D-9B94A3C01063}.Debug|Any CPU.ActiveCfg = Debug|Any CPU
		{A632E2F7-C041-4F89-B76D-9B94A3C01063}.Debug|Any CPU.Build.0 = Debug|Any CPU
		{A632E2F7-C041-4F89-B76D-9B94A3C01063}.Debug|x64.ActiveCfg = Debug|Any CPU
		{A632E2F7-C041-4F89-B76D-9B94A3C01063}.Debug|x64.Build.0 = Debug|Any CPU
		{A632E2F7-C041-4F89-B76D-9B94A3C01063}.Debug|x86.ActiveCfg = Debug|Any CPU
		{A632E2F7-C041-4F89-B76D-9B94A3C01063}.Debug|x86.Build.0 = Debug|Any CPU
		{A632E2F7-C041-4F89-B76D-9B94A3C01063}.Release|Any CPU.ActiveCfg = Release|Any CPU
		{A632E2F7-C041-4F89-B76D-9B94A3C01063}.Release|Any CPU.Build.0 = Release|Any CPU
		{A632E2F7-C041-4F89-B76D-9B94A3C01063}.Release|x64.ActiveCfg = Release|Any CPU
		{A632E2F7-C041-4F89-B76D-9B94A3C01063}.Release|x64.Build.0 = Release|Any CPU
		{A632E2F7-C041-4F89-B76D-9B94A3C01063}.Release|x86.ActiveCfg = Release|Any CPU
		{A632E2F7-C041-4F89-B76D-9B94A3C01063}.Release|x86.Build.0 = Release|Any CPU
	EndGlobalSection
	GlobalSection(SolutionProperties) = preSolution
		HideSolutionNode = FALSE
	EndGlobalSection
	GlobalSection(NestedProjects) = preSolution
		{6049CED7-E2EE-413F-A84F-5D2E520DE533} = {9D577A44-8CF8-4503-84F9-357AE3ED9DF4}
		{A057E78A-294B-459F-8F1F-2BBFBF23D4C9} = {66320409-64EC-F7C5-3DEF-65E7510DAAD1}
		{CE9E6FE6-5623-44AB-B227-77FEEC1CA2A2} = {9D577A44-8CF8-4503-84F9-357AE3ED9DF4}
		{F3828F30-BC51-4AB1-85CE-01F957BDEB22} = {9D577A44-8CF8-4503-84F9-357AE3ED9DF4}
		{CC08E709-D6ED-44E6-967B-1D0F19201FA4} = {66320409-64EC-F7C5-3DEF-65E7510DAAD1}
		{EF4D2E96-5869-499A-AEFA-A122279960B1} = {9D577A44-8CF8-4503-84F9-357AE3ED9DF4}
	EndGlobalSection
	GlobalSection(ExtensibilityGlobals) = postSolution
		SolutionGuid = {2AB88655-08C0-4023-A819-0E2A6FC2FC37}
	EndGlobalSection
EndGlobal
