
Microsoft Visual Studio Solution File, Format Version 12.00
# Visual Studio Version 17
VisualStudioVersion = 17.5.002.0
MinimumVisualStudioVersion = 10.0.40219.1
Project("{2150E333-8FDC-42A3-9474-1A3956D46DE8}") = "Demos", "Demos", "{9D577A44-8CF8-4503-84F9-357AE3ED9DF4}"
EndProject
Project("{9A19103F-16F7-4668-BE54-9A1E7A4F7556}") = "Syntax", "Demos\Syntax\Syntax.csproj", "{928012E1-A58C-484C-837D-833D989A4F6A}"
EndProject
Project("{FAE04EC0-301F-11D3-BF4B-00C04F79EFBC}") = "Website", "Demos\Website\Website.csproj", "{6049CED7-E2EE-413F-A84F-5D2E520DE533}"
EndProject
Project("{2150E333-8FDC-42A3-9474-1A3956D46DE8}") = "Xui", "Xui", "{810B8863-9155-487D-8B5B-6B4DA65EB3B0}"
EndProject
Project("{FAE04EC0-301F-11D3-BF4B-00C04F79EFBC}") = "HttpX", "Xui\Web\HttpX\HttpX.csproj", "{359629BE-860E-45F2-ADD7-DE064C1F8761}"
EndProject
Project("{FAE04EC0-301F-11D3-BF4B-00C04F79EFBC}") = "Html", "Xui\Web\Html\Html.csproj", "{16893E3B-9B33-4756-B9C2-DA244A076CF1}"
EndProject
Project("{FAE04EC0-301F-11D3-BF4B-00C04F79EFBC}") = "Benchmarks", "Benchmarks\Benchmarks.csproj", "{A057E78A-294B-459F-8F1F-2BBFBF23D4C9}"
EndProject
Project("{FAE04EC0-301F-11D3-BF4B-00C04F79EFBC}") = "ZeroScript", "Xui\Web\ZeroScript\ZeroScript.csproj", "{B54145FB-DC9E-435A-BB12-37FC51CEF18A}"
EndProject
Project("{FAE04EC0-301F-11D3-BF4B-00C04F79EFBC}") = "Web", "Xui\Web\Web\Web.csproj", "{F92424F6-33C1-4D76-9454-6299519AEC47}"
EndProject
Global
	GlobalSection(SolutionConfigurationPlatforms) = preSolution
		Debug|Any CPU = Debug|Any CPU
		Release|Any CPU = Release|Any CPU
	EndGlobalSection
	GlobalSection(ProjectConfigurationPlatforms) = postSolution
		{928012E1-A58C-484C-837D-833D989A4F6A}.Debug|Any CPU.ActiveCfg = Debug|Any CPU
		{928012E1-A58C-484C-837D-833D989A4F6A}.Debug|Any CPU.Build.0 = Debug|Any CPU
		{928012E1-A58C-484C-837D-833D989A4F6A}.Release|Any CPU.ActiveCfg = Release|Any CPU
		{928012E1-A58C-484C-837D-833D989A4F6A}.Release|Any CPU.Build.0 = Release|Any CPU
		{6049CED7-E2EE-413F-A84F-5D2E520DE533}.Debug|Any CPU.ActiveCfg = Debug|Any CPU
		{6049CED7-E2EE-413F-A84F-5D2E520DE533}.Debug|Any CPU.Build.0 = Debug|Any CPU
		{6049CED7-E2EE-413F-A84F-5D2E520DE533}.Release|Any CPU.ActiveCfg = Release|Any CPU
		{6049CED7-E2EE-413F-A84F-5D2E520DE533}.Release|Any CPU.Build.0 = Release|Any CPU
		{359629BE-860E-45F2-ADD7-DE064C1F8761}.Debug|Any CPU.ActiveCfg = Debug|Any CPU
		{359629BE-860E-45F2-ADD7-DE064C1F8761}.Debug|Any CPU.Build.0 = Debug|Any CPU
		{359629BE-860E-45F2-ADD7-DE064C1F8761}.Release|Any CPU.ActiveCfg = Release|Any CPU
		{359629BE-860E-45F2-ADD7-DE064C1F8761}.Release|Any CPU.Build.0 = Release|Any CPU
		{16893E3B-9B33-4756-B9C2-DA244A076CF1}.Debug|Any CPU.ActiveCfg = Debug|Any CPU
		{16893E3B-9B33-4756-B9C2-DA244A076CF1}.Debug|Any CPU.Build.0 = Debug|Any CPU
		{16893E3B-9B33-4756-B9C2-DA244A076CF1}.Release|Any CPU.ActiveCfg = Release|Any CPU
		{16893E3B-9B33-4756-B9C2-DA244A076CF1}.Release|Any CPU.Build.0 = Release|Any CPU
		{A057E78A-294B-459F-8F1F-2BBFBF23D4C9}.Debug|Any CPU.ActiveCfg = Debug|Any CPU
		{A057E78A-294B-459F-8F1F-2BBFBF23D4C9}.Debug|Any CPU.Build.0 = Debug|Any CPU
		{A057E78A-294B-459F-8F1F-2BBFBF23D4C9}.Release|Any CPU.ActiveCfg = Release|Any CPU
		{A057E78A-294B-459F-8F1F-2BBFBF23D4C9}.Release|Any CPU.Build.0 = Release|Any CPU
		{B54145FB-DC9E-435A-BB12-37FC51CEF18A}.Debug|Any CPU.ActiveCfg = Debug|Any CPU
		{B54145FB-DC9E-435A-BB12-37FC51CEF18A}.Debug|Any CPU.Build.0 = Debug|Any CPU
		{B54145FB-DC9E-435A-BB12-37FC51CEF18A}.Release|Any CPU.ActiveCfg = Release|Any CPU
		{B54145FB-DC9E-435A-BB12-37FC51CEF18A}.Release|Any CPU.Build.0 = Release|Any CPU
		{F92424F6-33C1-4D76-9454-6299519AEC47}.Debug|Any CPU.ActiveCfg = Debug|Any CPU
		{F92424F6-33C1-4D76-9454-6299519AEC47}.Debug|Any CPU.Build.0 = Debug|Any CPU
		{F92424F6-33C1-4D76-9454-6299519AEC47}.Release|Any CPU.ActiveCfg = Release|Any CPU
		{F92424F6-33C1-4D76-9454-6299519AEC47}.Release|Any CPU.Build.0 = Release|Any CPU
	EndGlobalSection
	GlobalSection(SolutionProperties) = preSolution
		HideSolutionNode = FALSE
	EndGlobalSection
	GlobalSection(NestedProjects) = preSolution
		{928012E1-A58C-484C-837D-833D989A4F6A} = {9D577A44-8CF8-4503-84F9-357AE3ED9DF4}
		{6049CED7-E2EE-413F-A84F-5D2E520DE533} = {9D577A44-8CF8-4503-84F9-357AE3ED9DF4}
	EndGlobalSection
	GlobalSection(ExtensibilityGlobals) = postSolution
		SolutionGuid = {2AB88655-08C0-4023-A819-0E2A6FC2FC37}
	EndGlobalSection
EndGlobal
